{
  "version": 1,
  "dependencies": {
    ".NETCoreApp,Version=v5.0": {
      "FSharp.Core": {
        "type": "Direct",
        "requested": "[6.0.2, )",
        "resolved": "6.0.2",
        "contentHash": "8GZqv6buY71KQlWT+cl2eMi+aNX9xQ61RgI3Pzv9zPxPOX6tWCLRrBj0MYQ3h871r2RhiHUl7f0AXUD/POr8eA=="
      }
    }
  }
}